Microsoft Visual Studio Solution File, Format Version 12.00
# Visual Studio 2012
Project("{FAE04EC0-301F-11D3-BF4B-00C04F79EFBC}") = "OneSamurai", "OneSamurai.csproj", "{1220F552-6DDD-457A-AA98-F65808B7CE0E}"
EndProject
Global
	GlobalSection(SolutionConfigurationPlatforms) = preSolution
	Debug|Any CPU = Debug|Any CPU
	ExportDebug|Any CPU = ExportDebug|Any CPU
	ExportRelease|Any CPU = ExportRelease|Any CPU
	EndGlobalSection
	GlobalSection(ProjectConfigurationPlatforms) = postSolution
		{1220F552-6DDD-457A-AA98-F65808B7CE0E}.Debug|Any CPU.ActiveCfg = Debug|Any CPU
		{1220F552-6DDD-457A-AA98-F65808B7CE0E}.Debug|Any CPU.Build.0 = Debug|Any CPU
		{1220F552-6DDD-457A-AA98-F65808B7CE0E}.ExportDebug|Any CPU.ActiveCfg = ExportDebug|Any CPU
		{1220F552-6DDD-457A-AA98-F65808B7CE0E}.ExportDebug|Any CPU.Build.0 = ExportDebug|Any CPU
		{1220F552-6DDD-457A-AA98-F65808B7CE0E}.ExportRelease|Any CPU.ActiveCfg = ExportRelease|Any CPU
		{1220F552-6DDD-457A-AA98-F65808B7CE0E}.ExportRelease|Any CPU.Build.0 = ExportRelease|Any CPU
	EndGlobalSection
EndGlobal
